
Microsoft Visual Studio Solution File, Format Version 12.00
# Visual Studio Version 17
VisualStudioVersion = 17.9.34902.65
MinimumVisualStudioVersion = 10.0.40219.1
Project("{9A19103F-16F7-4668-BE54-9A1E7A4F7556}") = "Projekt.Api", "Projekt\Projekt.Api.csproj", "{46678AEA-53BA-4583-98DF-F0B7769A919A}"
EndProject
Project("{9A19103F-16F7-4668-BE54-9A1E7A4F7556}") = "Projekt.Model", "Projekt.Model\Projekt.Model.csproj", "{8A7720CB-B56E-491A-8F30-6F3F0B63E8C6}"
EndProject
Project("{9A19103F-16F7-4668-BE54-9A1E7A4F7556}") = "Projekt.Repository", "ProjektRepository\Projekt.Repository.csproj", "{09E67058-D5A0-4552-817B-389799618ED5}"
EndProject
Project("{9A19103F-16F7-4668-BE54-9A1E7A4F7556}") = "Projekt.Dto", "ProjektDto\Projekt.Dto.csproj", "{03287789-BC8D-4F4B-97AA-FD0145751A33}"
EndProject
Project("{FAE04EC0-301F-11D3-BF4B-00C04F79EFBC}") = "Projekt.WebApp", "Projekt.WebApp\Projekt.WebApp.csproj", "{BA44FE50-B4B9-4374-B950-6DB6BE64B6C6}"
EndProject
Global
	GlobalSection(SolutionConfigurationPlatforms) = preSolution
		Debug|Any CPU = Debug|Any CPU
		Release|Any CPU = Release|Any CPU
	EndGlobalSection
	GlobalSection(ProjectConfigurationPlatforms) = postSolution
		{46678AEA-53BA-4583-98DF-F0B7769A919A}.Debug|Any CPU.ActiveCfg = Debug|Any CPU
		{46678AEA-53BA-4583-98DF-F0B7769A919A}.Debug|Any CPU.Build.0 = Debug|Any CPU
		{46678AEA-53BA-4583-98DF-F0B7769A919A}.Release|Any CPU.ActiveCfg = Release|Any CPU
		{46678AEA-53BA-4583-98DF-F0B7769A919A}.Release|Any CPU.Build.0 = Release|Any CPU
		{8A7720CB-B56E-491A-8F30-6F3F0B63E8C6}.Debug|Any CPU.ActiveCfg = Debug|Any CPU
		{8A7720CB-B56E-491A-8F30-6F3F0B63E8C6}.Debug|Any CPU.Build.0 = Debug|Any CPU
		{8A7720CB-B56E-491A-8F30-6F3F0B63E8C6}.Release|Any CPU.ActiveCfg = Release|Any CPU
		{8A7720CB-B56E-491A-8F30-6F3F0B63E8C6}.Release|Any CPU.Build.0 = Release|Any CPU
		{09E67058-D5A0-4552-817B-389799618ED5}.Debug|Any CPU.ActiveCfg = Debug|Any CPU
		{09E67058-D5A0-4552-817B-389799618ED5}.Debug|Any CPU.Build.0 = Debug|Any CPU
		{09E67058-D5A0-4552-817B-389799618ED5}.Release|Any CPU.ActiveCfg = Release|Any CPU
		{09E67058-D5A0-4552-817B-389799618ED5}.Release|Any CPU.Build.0 = Release|Any CPU
		{03287789-BC8D-4F4B-97AA-FD0145751A33}.Debug|Any CPU.ActiveCfg = Debug|Any CPU
		{03287789-BC8D-4F4B-97AA-FD0145751A33}.Debug|Any CPU.Build.0 = Debug|Any CPU
		{03287789-BC8D-4F4B-97AA-FD0145751A33}.Release|Any CPU.ActiveCfg = Release|Any CPU
		{03287789-BC8D-4F4B-97AA-FD0145751A33}.Release|Any CPU.Build.0 = Release|Any CPU
		{BA44FE50-B4B9-4374-B950-6DB6BE64B6C6}.Debug|Any CPU.ActiveCfg = Debug|Any CPU
		{BA44FE50-B4B9-4374-B950-6DB6BE64B6C6}.Debug|Any CPU.Build.0 = Debug|Any CPU
		{BA44FE50-B4B9-4374-B950-6DB6BE64B6C6}.Release|Any CPU.ActiveCfg = Release|Any CPU
		{BA44FE50-B4B9-4374-B950-6DB6BE64B6C6}.Release|Any CPU.Build.0 = Release|Any CPU
	EndGlobalSection
	GlobalSection(SolutionProperties) = preSolution
		HideSolutionNode = FALSE
	EndGlobalSection
	GlobalSection(ExtensibilityGlobals) = postSolution
		SolutionGuid = {310DF5CD-D846-436C-8CCB-EEA88169D02D}
	EndGlobalSection
EndGlobal
